
Microsoft Visual Studio Solution File, Format Version 12.00
# Visual Studio 15
VisualStudioVersion = 15.0.28307.421
MinimumVisualStudioVersion = 10.0.40219.1
Project("{FAE04EC0-301F-11D3-BF4B-00C04F79EFBC}") = "ITCloudAcademy.CoinsProblem", "ITCloudAcademy.CoinsProblem\ITCloudAcademy.CoinsProblem.csproj", "{73D6B4C4-100F-4091-B9D5-452DEF480EAC}"
EndProject
Project("{FAE04EC0-301F-11D3-BF4B-00C04F79EFBC}") = "ITCloudAcademy.Tests", "ITCloudAcademy.Tests\ITCloudAcademy.Tests.csproj", "{66F2223B-7BFF-4B14-90C9-CDEFD3BAE34F}"
EndProject
Global
	GlobalSection(SolutionConfigurationPlatforms) = preSolution
		Debug|Any CPU = Debug|Any CPU
		Release|Any CPU = Release|Any CPU
	EndGlobalSection
	GlobalSection(ProjectConfigurationPlatforms) = postSolution
		{73D6B4C4-100F-4091-B9D5-452DEF480EAC}.Debug|Any CPU.ActiveCfg = Debug|Any CPU
		{73D6B4C4-100F-4091-B9D5-452DEF480EAC}.Debug|Any CPU.Build.0 = Debug|Any CPU
		{73D6B4C4-100F-4091-B9D5-452DEF480EAC}.Release|Any CPU.ActiveCfg = Release|Any CPU
		{73D6B4C4-100F-4091-B9D5-452DEF480EAC}.Release|Any CPU.Build.0 = Release|Any CPU
		{66F2223B-7BFF-4B14-90C9-CDEFD3BAE34F}.Debug|Any CPU.ActiveCfg = Debug|Any CPU
		{66F2223B-7BFF-4B14-90C9-CDEFD3BAE34F}.Debug|Any CPU.Build.0 = Debug|Any CPU
		{66F2223B-7BFF-4B14-90C9-CDEFD3BAE34F}.Release|Any CPU.ActiveCfg = Release|Any CPU
		{66F2223B-7BFF-4B14-90C9-CDEFD3BAE34F}.Release|Any CPU.Build.0 = Release|Any CPU
	EndGlobalSection
	GlobalSection(SolutionProperties) = preSolution
		HideSolutionNode = FALSE
	EndGlobalSection
	GlobalSection(ExtensibilityGlobals) = postSolution
		SolutionGuid = {60E82F2D-9428-4049-988A-E09C6BC009DE}
	EndGlobalSection
EndGlobal
