
Microsoft Visual Studio Solution File, Format Version 12.00
# Visual Studio 15
VisualStudioVersion = 15.0.28307.572
MinimumVisualStudioVersion = 10.0.40219.1
Project("{FAE04EC0-301F-11D3-BF4B-00C04F79EFBC}") = "FunWithThreads", "FunWithThreads\FunWithThreads.csproj", "{75BEC98E-6303-43C5-9CBE-1655BDBB1F10}"
EndProject
Global
	GlobalSection(SolutionConfigurationPlatforms) = preSolution
		Debug|Any CPU = Debug|Any CPU
		Release|Any CPU = Release|Any CPU
	EndGlobalSection
	GlobalSection(ProjectConfigurationPlatforms) = postSolution
		{75BEC98E-6303-43C5-9CBE-1655BDBB1F10}.Debug|Any CPU.ActiveCfg = Debug|Any CPU
		{75BEC98E-6303-43C5-9CBE-1655BDBB1F10}.Debug|Any CPU.Build.0 = Debug|Any CPU
		{75BEC98E-6303-43C5-9CBE-1655BDBB1F10}.Release|Any CPU.ActiveCfg = Release|Any CPU
		{75BEC98E-6303-43C5-9CBE-1655BDBB1F10}.Release|Any CPU.Build.0 = Release|Any CPU
	EndGlobalSection
	GlobalSection(SolutionProperties) = preSolution
		HideSolutionNode = FALSE
	EndGlobalSection
	GlobalSection(ExtensibilityGlobals) = postSolution
		SolutionGuid = {CDED71CD-685A-421F-B939-EEE4A8E11CD9}
	EndGlobalSection
EndGlobal
